
Microsoft Visual Studio Solution File, Format Version 12.00
# Visual Studio Version 17
VisualStudioVersion = 17.0.31903.59
MinimumVisualStudioVersion = 10.0.40219.1
Project("{FAE04EC0-301F-11D3-BF4B-00C04F79EFBC}") = "FC.Components", "Components\FC.Components.csproj", "{F14E48A8-1234-403C-B15E-F8BDF7EC7E37}"
EndProject
Project("{2150E333-8FDC-42A3-9474-1A3956D46DE8}") = "Demo", "Demo", "{5602310F-247C-4520-B2D2-3A8C360F4B93}"
EndProject
Project("{FAE04EC0-301F-11D3-BF4B-00C04F79EFBC}") = "FC.Demo", "Demo\FC.Demo\FC.Demo.csproj", "{4673334B-D27A-4F49-A6E4-6B27F93F379B}"
EndProject
Project("{FAE04EC0-301F-11D3-BF4B-00C04F79EFBC}") = "FC.Demo.Client", "Demo\FC.Demo.Client\FC.Demo.Client.csproj", "{A4CD9F54-226E-40EE-A3BA-8EE370D342A6}"
EndProject
Global
	GlobalSection(SolutionConfigurationPlatforms) = preSolution
		Debug|Any CPU = Debug|Any CPU
		Release|Any CPU = Release|Any CPU
	EndGlobalSection
	GlobalSection(SolutionProperties) = preSolution
		HideSolutionNode = FALSE
	EndGlobalSection
	GlobalSection(ProjectConfigurationPlatforms) = postSolution
		{F14E48A8-1234-403C-B15E-F8BDF7EC7E37}.Debug|Any CPU.ActiveCfg = Debug|Any CPU
		{F14E48A8-1234-403C-B15E-F8BDF7EC7E37}.Debug|Any CPU.Build.0 = Debug|Any CPU
		{F14E48A8-1234-403C-B15E-F8BDF7EC7E37}.Release|Any CPU.ActiveCfg = Release|Any CPU
		{F14E48A8-1234-403C-B15E-F8BDF7EC7E37}.Release|Any CPU.Build.0 = Release|Any CPU
		{4673334B-D27A-4F49-A6E4-6B27F93F379B}.Debug|Any CPU.ActiveCfg = Debug|Any CPU
		{4673334B-D27A-4F49-A6E4-6B27F93F379B}.Debug|Any CPU.Build.0 = Debug|Any CPU
		{4673334B-D27A-4F49-A6E4-6B27F93F379B}.Release|Any CPU.ActiveCfg = Release|Any CPU
		{4673334B-D27A-4F49-A6E4-6B27F93F379B}.Release|Any CPU.Build.0 = Release|Any CPU
		{A4CD9F54-226E-40EE-A3BA-8EE370D342A6}.Debug|Any CPU.ActiveCfg = Debug|Any CPU
		{A4CD9F54-226E-40EE-A3BA-8EE370D342A6}.Debug|Any CPU.Build.0 = Debug|Any CPU
		{A4CD9F54-226E-40EE-A3BA-8EE370D342A6}.Release|Any CPU.ActiveCfg = Release|Any CPU
		{A4CD9F54-226E-40EE-A3BA-8EE370D342A6}.Release|Any CPU.Build.0 = Release|Any CPU
	EndGlobalSection
	GlobalSection(NestedProjects) = preSolution
		{4673334B-D27A-4F49-A6E4-6B27F93F379B} = {5602310F-247C-4520-B2D2-3A8C360F4B93}
		{A4CD9F54-226E-40EE-A3BA-8EE370D342A6} = {5602310F-247C-4520-B2D2-3A8C360F4B93}
	EndGlobalSection
EndGlobal
